
Microsoft Visual Studio Solution File, Format Version 12.00
# Visual Studio Version 17
VisualStudioVersion = 17.14.37614.0 d17.14
MinimumVisualStudioVersion = 10.0.40219.1
Project("{FAE04EC0-301F-11D3-BF4B-00C04F79EFBC}") = "ProjectmanagementApi", "ProjectmanagementApi\ProjectmanagementApi.csproj", "{2AD9A34B-4768-466B-8B08-C9FFBA6D0F88}"
EndProject
Global
	GlobalSection(SolutionConfigurationPlatforms) = preSolution
		Debug|Any CPU = Debug|Any CPU
		Release|Any CPU = Release|Any CPU
	EndGlobalSection
	GlobalSection(ProjectConfigurationPlatforms) = postSolution
		{2AD9A34B-4768-466B-8B08-C9FFBA6D0F88}.Debug|Any CPU.ActiveCfg = Debug|Any CPU
		{2AD9A34B-4768-466B-8B08-C9FFBA6D0F88}.Debug|Any CPU.Build.0 = Debug|Any CPU
		{2AD9A34B-4768-466B-8B08-C9FFBA6D0F88}.Release|Any CPU.ActiveCfg = Release|Any CPU
		{2AD9A34B-4768-466B-8B08-C9FFBA6D0F88}.Release|Any CPU.Build.0 = Release|Any CPU
	EndGlobalSection
	GlobalSection(SolutionProperties) = preSolution
		HideSolutionNode = FALSE
	EndGlobalSection
	GlobalSection(ExtensibilityGlobals) = postSolution
		SolutionGuid = {2123DDC7-D711-408A-9626-71C123A19DE5}
	EndGlobalSection
EndGlobal
